// !$*UTF8*$!
{
	archiveVersion = 1;
	classes = {
	};
	objectVersion = 46;
	objects = {

/* Begin PBXBuildFile section */
		737AD1B31CA44FD700231838 /* AppDelegate.swift in Sources */ = {isa = PBXBuildFile; fileRef = 737AD1B21CA44FD700231838 /* AppDelegate.swift */; };
		737AD1B51CA44FD700231838 /* ViewController.swift in Sources */ = {isa = PBXBuildFile; fileRef = 737AD1B41CA44FD700231838 /* ViewController.swift */; };
		737AD1B81CA44FD700231838 /* Main.storyboard in Resources */ = {isa = PBXBuildFile; fileRef = 737AD1B61CA44FD700231838 /* Main.storyboard */; };
		737AD1BA1CA44FD700231838 /* Assets.xcassets in Resources */ = {isa = PBXBuildFile; fileRef = 737AD1B91CA44FD700231838 /* Assets.xcassets */; };
		737AD1BD1CA44FD700231838 /* LaunchScreen.storyboard in Resources */ = {isa = PBXBuildFile; fileRef = 737AD1BB1CA44FD700231838 /* LaunchScreen.storyboard */; };
/* End PBXBuildFile section */

/* Begin PBXFileReference section */
		737AD1AF1CA44FD700231838 /* Pojedex.app */ = {isa = PBXFileReference; explicitFileType = wrapper.application; includeInIndex = 0; path = Pojedex.app; sourceTree = BUILT_PRODUCTS_DIR; };
		737AD1B21CA44FD700231838 /* AppDelegate.swift */ = {isa = PBXFileReference; lastKnownFileType = sourcecode.swift; path = AppDelegate.swift; sourceTree = "<group>"; };
		737AD1B41CA44FD700231838 /* ViewController.swift */ = {isa = PBXFileReference; lastKnownFileType = sourcecode.swift; path = ViewController.swift; sourceTree = "<group>"; };
		737AD1B71CA44FD700231838 /* Base */ = {isa = PBXFileReference; lastKnownFileType = file.storyboard; name = Base; path = Base.lproj/Main.storyboard; sourceTree = "<group>"; };
		737AD1B91CA44FD700231838 /* Assets.xcassets */ = {isa = PBXFileReference; lastKnownFileType = folder.assetcatalog; path = Assets.xcassets; sourceTree = "<group>"; };
		737AD1BC1CA44FD700231838 /* Base */ = {isa = PBXFileReference; lastKnownFileType = file.storyboard; name = Base; path = Base.lproj/LaunchScreen.storyboard; sourceTree = "<group>"; };
		737AD1BE1CA44FD700231838 /* Info.plist */ = {isa = PBXFileReference; lastKnownFileType = text.plist.xml; path = Info.plist; sourceTree = "<group>"; };
/* End PBXFileReference section */

/* Begin PBXFrameworksBuildPhase section */
		737AD1AC1CA44FD700231838 /* Frameworks */ = {
			isa = PBXFrameworksBuildPhase;
			buildActionMask = 2147483647;
			files = (
			);
			runOnlyForDeploymentPostprocessing = 0;
		};
/* End PBXFrameworksBuildPhase section */

/* Begin PBXGroup section */
		737AD1A61CA44FD700231838 = {
			isa = PBXGroup;
			children = (
				737AD1B11CA44FD700231838 /* Pojedex */,
				737AD1B01CA44FD700231838 /* Products */,
			);
			sourceTree = "<group>";
		};
		737AD1B01CA44FD700231838 /* Products */ = {
			isa = PBXGroup;
			children = (
				737AD1AF1CA44FD700231838 /* Pojedex.app */,
			);
			name = Products;
			sourceTree = "<group>";
		};
		737AD1B11CA44FD700231838 /* Pojedex */ = {
			isa = PBXGroup;
			children = (
				737AD1B21CA44FD700231838 /* AppDelegate.swift */,
				737AD1B41CA44FD700231838 /* ViewController.swift */,
				737AD1B61CA44FD700231838 /* Main.storyboard */,
				737AD1B91CA44FD700231838 /* Assets.xcassets */,
				737AD1BB1CA44FD700231838 /* LaunchScreen.storyboard */,
				737AD1BE1CA44FD700231838 /* Info.plist */,
			);
			path = Pojedex;
			sourceTree = "<group>";
		};
/* End PBXGroup section */

/* Begin PBXNativeTarget section */
		737AD1AE1CA44FD700231838 /* Pojedex */ = {
			isa = PBXNativeTarget;
			buildConfigurationList = 737AD1C11CA44FD700231838 /* Build configuration list for PBXNativeTarget "Pojedex" */;
			buildPhases = (
				737AD1AB1CA44FD700231838 /* Sources */,
				737AD1AC1CA44FD700231838 /* Frameworks */,
				737AD1AD1CA44FD700231838 /* Resources */,
			);
			buildRules = (
			);
			dependencies = (
			);
			name = Pojedex;
			productName = Pojedex;
			productReference = 737AD1AF1CA44FD700231838 /* Pojedex.app */;
			productType = "com.apple.product-type.application";
		};
/* End PBXNativeTarget section */

/* Begin PBXProject section */
		737AD1A71CA44FD700231838 /* Project object */ = {
			isa = PBXProject;
			attributes = {
				LastSwiftUpdateCheck = 0720;
				LastUpgradeCheck = 0720;
				ORGANIZATIONNAME = "Divergent Bytes";
				TargetAttributes = {
					737AD1AE1CA44FD700231838 = {
						CreatedOnToolsVersion = 7.2;
						DevelopmentTeam = UJFLWF7P7Q;
					};
				};
			};
			buildConfigurationList = 737AD1AA1CA44FD700231838 /* Build configuration list for PBXProject "Pojedex" */;
			compatibilityVersion = "Xcode 3.2";
			developmentRegion = English;
			hasScannedForEncodings = 0;
			knownRegions = (
				en,
				Base,
			);
			mainGroup = 737AD1A61CA44FD700231838;
			productRefGroup = 737AD1B01CA44FD700231838 /* Products */;
			projectDirPath = "";
			projectRoot = "";
			targets = (
				737AD1AE1CA44FD700231838 /* Pojedex */,
			);
		};
/* End PBXProject section */

/* Begin PBXResourcesBuildPhase section */
		737AD1AD1CA44FD700231838 /* Resources */ = {
			isa = PBXResourcesBuildPhase;
			buildActionMask = 2147483647;
			files = (
				737AD1BD1CA44FD700231838 /* LaunchScreen.storyboard in Resources */,
				737AD1BA1CA44FD700231838 /* Assets.xcassets in Resources */,
				737AD1B81CA44FD700231838 /* Main.storyboard in Resources */,
			);
			runOnlyForDeploymentPostprocessing = 0;
		};
/* End PBXResourcesBuildPhase section */

/* Begin PBXSourcesBuildPhase section */
		737AD1AB1CA44FD700231838 /* Sources */ = {
			isa = PBXSourcesBuildPhase;
			buildActionMask = 2147483647;
			files = (
				737AD1B51CA44FD700231838 /* ViewController.swift in Sources */,
				737AD1B31CA44FD700231838 /* AppDelegate.swift in Sources */,
			);
			runOnlyForDeploymentPostprocessing = 0;
		};
/* End PBXSourcesBuildPhase section */

/* Begin PBXVariantGroup section */
		737AD1B61CA44FD700231838 /* Main.storyboard */ = {
			isa = PBXVariantGroup;
			children = (
				737AD1B71CA44FD700231838 /* Base */,
			);
			name = Main.storyboard;
			sourceTree = "<group>";
		};
		737AD1BB1CA44FD700231838 /* LaunchScreen.storyboard */ = {
			isa = PBXVariantGroup;
			children = (
				737AD1BC1CA44FD700231838 /* Base */,
			);
			name = LaunchScreen.storyboard;
			sourceTree = "<group>";
		};
/* End PBXVariantGroup section */

/* Begin XCBuildConfiguration section */
		737AD1BF1CA44FD700231838 /* Debug */ = {
			isa = XCBuildConfiguration;
			buildSettings = {
				ALWAYS_SEARCH_USER_PATHS = NO;
				CLANG_CXX_LANGUAGE_STANDARD = "gnu++0x";
				CLANG_CXX_LIBRARY = "libc++";
				CLANG_ENABLE_MODULES = YES;
				CLANG_ENABLE_OBJC_ARC = YES;
				CLANG_WARN_BOOL_CONVERSION = YES;
				CLANG_WARN_CONSTANT_CONVERSION = YES;
				CLANG_WARN_DIRECT_OBJC_ISA_USAGE = YES_ERROR;
				CLANG_WARN_EMPTY_BODY = YES;
				CLANG_WARN_ENUM_CONVERSION = YES;
				CLANG_WARN_INT_CONVERSION = YES;
				CLANG_WARN_OBJC_ROOT_CLASS = YES_ERROR;
				CLANG_WARN_UNREACHABLE_CODE = YES;
				CLANG_WARN__DUPLICATE_METHOD_MATCH = YES;
				"CODE_SIGN_IDENTITY[sdk=iphoneos*]" = "iPhone Developer";
				COPY_PHASE_STRIP = NO;
				DEBUG_INFORMATION_FORMAT = dwarf;
				ENABLE_STRICT_OBJC_MSGSEND = YES;
				ENABLE_TESTABILITY = YES;
				GCC_C_LANGUAGE_STANDARD = gnu99;
				GCC_DYNAMIC_NO_PIC = NO;
				GCC_NO_COMMON_BLOCKS = YES;
				GCC_OPTIMIZATION_LEVEL = 0;
				GCC_PREPROCESSOR_DEFINITIONS = (
					"DEBUG=1",
					"$(inherited)",
				);
				GCC_WARN_64_TO_32_BIT_CONVERSION = YES;
				GCC_WARN_ABOUT_RETURN_TYPE = YES_ERROR;
				GCC_WARN_UNDECLARED_SELECTOR = YES;
				GCC_WARN_UNINITIALIZED_AUTOS = YES_AGGRESSIVE;
				GCC_WARN_UNUSED_FUNCTION = YES;
				GCC_WARN_UNUSED_VARIABLE = YES;
				IPHONEOS_DEPLOYMENT_TARGET = 9.2;
				MTL_ENABLE_DEBUG_INFO = YES;
				ONLY_ACTIVE_ARCH = YES;
				SDKROOT = iphoneos;
				SWIFT_OPTIMIZATION_LEVEL = "-Onone";
			};
			name = Debug;
		};
		737AD1C01CA44FD700231838 /* Release */ = {
			isa = XCBuildConfiguration;
			buildSettings = {
				ALWAYS_SEARCH_USER_PATHS = NO;
				CLANG_CXX_LANGUAGE_STANDARD = "gnu++0x";
				CLANG_CXX_LIBRARY = "libc++";
				CLANG_ENABLE_MODULES = YES;
				CLANG_ENABLE_OBJC_ARC = YES;
				CLANG_WARN_BOOL_CONVERSION = YES;
				CLANG_WARN_CONSTANT_CONVERSION = YES;
				CLANG_WARN_DIRECT_OBJC_ISA_USAGE = YES_ERROR;
				CLANG_WARN_EMPTY_BODY = YES;
				CLANG_WARN_ENUM_CONVERSION = YES;
				CLANG_WARN_INT_CONVERSION = YES;
				CLANG_WARN_OBJC_ROOT_CLASS = YES_ERROR;
				CLANG_WARN_UNREACHABLE_CODE = YES;
				CLANG_WARN__DUPLICATE_METHOD_MATCH = YES;
				"CODE_SIGN_IDENTITY[sdk=iphoneos*]" = "iPhone Developer";
				COPY_PHASE_STRIP = NO;
				DEBUG_INFORMATION_FORMAT = "dwarf-with-dsym";
				ENABLE_NS_ASSERTIONS = NO;
				ENABLE_STRICT_OBJC_MSGSEND = YES;
				GCC_C_LANGUAGE_STANDARD = gnu99;
				GCC_NO_COMMON_BLOCKS = YES;
				GCC_WARN_64_TO_32_BIT_CONVERSION = YES;
				GCC_WARN_ABOUT_RETURN_TYPE = YES_ERROR;
				GCC_WARN_UNDECLARED_SELECTOR = YES;
				GCC_WARN_UNINITIALIZED_AUTOS = YES_AGGRESSIVE;
				GCC_WARN_UNUSED_FUNCTION = YES;
				GCC_WARN_UNUSED_VARIABLE = YES;
				IPHONEOS_DEPLOYMENT_TARGET = 9.2;
				MTL_ENABLE_DEBUG_INFO = NO;
				SDKROOT = iphoneos;
				VALIDATE_PRODUCT = YES;
			};
			name = Release;
		};
		737AD1C21CA44FD700231838 /* Debug */ = {
			isa = XCBuildConfiguration;
			buildSettings = {
				ASSETCATALOG_COMPILER_APPICON_NAME = AppIcon;
				INFOPLIST_FILE = Pojedex/Info.plist;
				IPHONEOS_DEPLOYMENT_TARGET = 9.0;
				LD_RUNPATH_SEARCH_PATHS = "$(inherited) @executable_path/Frameworks";
				PRODUCT_BUNDLE_IDENTIFIER = com.divergentbytes.Pojedex;
				PRODUCT_NAME = "$(TARGET_NAME)";
			};
			name = Debug;
		};
		737AD1C31CA44FD700231838 /* Release */ = {
			isa = XCBuildConfiguration;
			buildSettings = {
				ASSETCATALOG_COMPILER_APPICON_NAME = AppIcon;
				INFOPLIST_FILE = Pojedex/Info.plist;
				IPHONEOS_DEPLOYMENT_TARGET = 9.0;
				LD_RUNPATH_SEARCH_PATHS = "$(inherited) @executable_path/Frameworks";
				PRODUCT_BUNDLE_IDENTIFIER = com.divergentbytes.Pojedex;
				PRODUCT_NAME = "$(TARGET_NAME)";
			};
			name = Release;
		};
/* End XCBuildConfiguration section */

/* Begin XCConfigurationList section */
		737AD1AA1CA44FD700231838 /* Build configuration list for PBXProject "Pojedex" */ = {
			isa = XCConfigurationList;
			buildConfigurations = (
				737AD1BF1CA44FD700231838 /* Debug */,
				737AD1C01CA44FD700231838 /* Release */,
			);
			defaultConfigurationIsVisible = 0;
			defaultConfigurationName = Release;
		};
		737AD1C11CA44FD700231838 /* Build configuration list for PBXNativeTarget "Pojedex" */ = {
			isa = XCConfigurationList;
			buildConfigurations = (
				737AD1C21CA44FD700231838 /* Debug */,
				737AD1C31CA44FD700231838 /* Release */,
			);
			defaultConfigurationIsVisible = 0;
		};
/* End XCConfigurationList section */
	};
	rootObject = 737AD1A71CA44FD700231838 /* Project object */;
}
